{
  "version": 4,
  "terraform_version": "0.12.9",
  "serial": 238,
  "lineage": "02955a83-e101-20cc-cef5-d42bb747149d",
  "outputs": {
    "SSH_HERE": {
      "value": "ssh -i ~/.ssh/esip-cannistra.pem ubuntu@54.244.129.174",
      "type": "string"
    },
    "public_instance_ip": {
      "value": [
        "54.244.129.174"
      ],
      "type": [
        "tuple",
        [
          "string"
        ]
      ]
    },
    "public_route_table_ids": {
      "value": [
        "rtb-0bd54347537b8c3b5"
      ],
      "type": [
        "tuple",
        [
          "string"
        ]
      ]
    },
    "public_subnets": {
      "value": [
        "subnet-036e23d7a1d3c2c33"
      ],
      "type": [
        "tuple",
        [
          "string"
        ]
      ]
    },
    "sagemaker_role_arn": {
      "value": "arn:aws:iam::675906086666:role/sagemaker-role",
      "type": "string"
    },
    "vpc_id": {
      "value": "vpc-0da0955051cafc92d",
      "type": "string"
    }
  },
  "resources": [
    {
      "mode": "managed",
      "type": "aws_iam_policy",
      "name": "s3-access-policy",
      "provider": "provider.aws",
      "instances": [
        {
          "schema_version": 0,
          "attributes": {
            "arn": "arn:aws:iam::675906086666:policy/sagemaker-s3-access-policy",
            "description": "So Sagemaker roles can access S3.",
            "id": "arn:aws:iam::675906086666:policy/sagemaker-s3-access-policy",
            "name": "sagemaker-s3-access-policy",
            "name_prefix": null,
            "path": "/",
            "policy": "{\n  \t\"Version\": \"2012-10-17\",\n  \t\"Statement\": [{\n  \t\t\"Effect\": \"Allow\",\n  \t\t\"Action\": [\n  \t\t\t\"s3:GetObject\",\n  \t\t\t\"s3:PutObject\",\n  \t\t\t\"s3:DeleteObject\",\n  \t\t\t\"s3:ListBucket\"\n  \t\t],\n  \t\t\"Resource\": [\n  \t\t\t\"arn:aws:s3:::*\"\n  \t\t]\n  \t}]\n}\n"
          },
          "private": "bnVsbA=="
        }
      ]
    },
    {
      "mode": "managed",
      "type": "aws_iam_role",
      "name": "sagemaker_role",
      "provider": "provider.aws",
      "instances": [
        {
          "schema_version": 0,
          "attributes": {
            "arn": "arn:aws:iam::675906086666:role/sagemaker-role",
            "assume_role_policy": "{\"Version\":\"2012-10-17\",\"Statement\":[{\"Effect\":\"Allow\",\"Principal\":{\"Service\":\"sagemaker.amazonaws.com\"},\"Action\":\"sts:AssumeRole\"}]}",
            "create_date": "2019-10-31T00:30:46Z",
            "description": "",
            "force_detach_policies": false,
            "id": "sagemaker-role",
            "max_session_duration": 3600,
            "name": "sagemaker-role",
            "name_prefix": null,
            "path": "/",
            "permissions_boundary": null,
            "tags": null,
            "unique_id": "AROAZ2XZEM4FJ7G6RQFAL"
          },
          "private": "bnVsbA=="
        }
      ]
    },
    {
      "mode": "managed",
      "type": "aws_iam_role_policy_attachment",
      "name": "attach-sage-fullaccess",
      "provider": "provider.aws",
      "instances": [
        {
          "schema_version": 0,
          "attributes": {
            "id": "sagemaker-role-20191031003047186800000001",
            "policy_arn": "arn:aws:iam::aws:policy/AmazonSageMakerFullAccess",
            "role": "sagemaker-role"
          },
          "private": "bnVsbA==",
          "depends_on": [
            "aws_iam_role.sagemaker_role"
          ]
        }
      ]
    },
    {
      "mode": "managed",
      "type": "aws_iam_role_policy_attachment",
      "name": "attach-sage-s3access",
      "provider": "provider.aws",
      "instances": [
        {
          "schema_version": 0,
          "attributes": {
            "id": "sagemaker-role-20191031003047650400000002",
            "policy_arn": "arn:aws:iam::675906086666:policy/sagemaker-s3-access-policy",
            "role": "sagemaker-role"
          },
          "private": "bnVsbA==",
          "depends_on": [
            "aws_iam_policy.s3-access-policy",
            "aws_iam_role.sagemaker_role"
          ]
        }
      ]
    },
    {
      "mode": "managed",
      "type": "aws_instance",
      "name": "testInstance",
      "provider": "provider.aws",
      "instances": [
        {
          "schema_version": 1,
          "attributes": {
            "ami": "ami-001083bce630cc561",
            "arn": "arn:aws:ec2:us-west-2:675906086666:instance/i-04adee3c1f87105a7",
            "associate_public_ip_address": true,
            "availability_zone": "us-west-2a",
            "cpu_core_count": 1,
            "cpu_threads_per_core": 2,
            "credit_specification": [
              {
                "cpu_credits": "unlimited"
              }
            ],
            "disable_api_termination": false,
            "ebs_block_device": [],
            "ebs_optimized": false,
            "ephemeral_block_device": [],
            "get_password_data": false,
            "host_id": null,
            "iam_instance_profile": "",
            "id": "i-04adee3c1f87105a7",
            "instance_initiated_shutdown_behavior": null,
            "instance_state": "running",
            "instance_type": "t3.medium",
            "ipv6_address_count": 0,
            "ipv6_addresses": [],
            "key_name": "publicKey",
            "monitoring": false,
            "network_interface": [],
            "network_interface_id": null,
            "password_data": "",
            "placement_group": "",
            "primary_network_interface_id": "eni-04bbf428a5691b87e",
            "private_dns": "ip-10-1-0-213.us-west-2.compute.internal",
            "private_ip": "10.1.0.213",
            "public_dns": "ec2-54-244-129-174.us-west-2.compute.amazonaws.com",
            "public_ip": "54.244.129.174",
            "root_block_device": [
              {
                "delete_on_termination": true,
                "encrypted": false,
                "iops": 450,
                "kms_key_id": "",
                "volume_id": "vol-04017099faa6db10d",
                "volume_size": 150,
                "volume_type": "gp2"
              }
            ],
            "security_groups": [],
            "source_dest_check": true,
            "subnet_id": "subnet-036e23d7a1d3c2c33",
            "tags": {
              "Environment": "Production"
            },
            "tenancy": "default",
            "timeouts": null,
            "user_data": null,
            "user_data_base64": null,
            "volume_tags": {},
            "vpc_security_group_ids": [
              "sg-08c7a486fecb17c47"
            ]
          },
          "private": "eyJlMmJmYjczMC1lY2FhLTExZTYtOGY4OC0zNDM2M2JjN2M0YzAiOnsiY3JlYXRlIjo2MDAwMDAwMDAwMDAsImRlbGV0ZSI6MTIwMDAwMDAwMDAwMCwidXBkYXRlIjo2MDAwMDAwMDAwMDB9LCJzY2hlbWFfdmVyc2lvbiI6IjEifQ==",
          "depends_on": [
            "aws_key_pair.ec2key",
            "aws_security_group.sg_22_80",
            "aws_subnet.subnet_public"
          ]
        }
      ]
    },
    {
      "mode": "managed",
      "type": "aws_internet_gateway",
      "name": "igw",
      "provider": "provider.aws",
      "instances": [
        {
          "schema_version": 0,
          "attributes": {
            "id": "igw-08c371158c1ab93f8",
            "owner_id": "675906086666",
            "tags": {
              "Environment": "Production"
            },
            "vpc_id": "vpc-0da0955051cafc92d"
          },
          "private": "bnVsbA==",
          "depends_on": [
            "aws_vpc.vpc"
          ]
        }
      ]
    },
    {
      "mode": "managed",
      "type": "aws_key_pair",
      "name": "ec2key",
      "provider": "provider.aws",
      "instances": [
        {
          "schema_version": 1,
          "attributes": {
            "fingerprint": "c7:18:f6:e3:e6:c5:39:56:36:c1:0a:f0:2e:8b:f5:f1",
            "id": "publicKey",
            "key_name": "publicKey",
            "key_name_prefix": null,
            "public_key": "ssh-rsa AAAAB3NzaC1yc2EAAAADAQABAAABAQCjljoC2uAVSWe02x/hsNoJWa4DHQX1/zXEq+IHJssoDTvlZ4+//26g7AqWll5o7RmvH6/sTyUS+TRn/pg64NIakD8//zRvzutaX1xFQfJ5R+JFDQpJ4qHSvYx5rtxk/pGtxrfKJzIoO9FBo68KJAX3v+dZTyhKyeYqtLNpP0JSzsOrQqq5WvEfIBx2nFGfPlzI978BoFCN0JJW0CPvtKUJSORUZD3dYoWL5D9PW4qxf7OI2MG51ens9FIgYfSq9SsnIONO0fXj3Q5fHzdYsZxC6ew4n0D65SUYljSQU6YykdrlG3ieYGWHQL/nx/PvO3z42+UFlcsqQCKVwWOD8UxV"
          },
          "private": "eyJzY2hlbWFfdmVyc2lvbiI6IjEifQ=="
        }
      ]
    },
    {
      "mode": "managed",
      "type": "aws_route_table",
      "name": "rtb_public",
      "provider": "provider.aws",
      "instances": [
        {
          "schema_version": 0,
          "attributes": {
            "id": "rtb-0bd54347537b8c3b5",
            "owner_id": "675906086666",
            "propagating_vgws": [],
            "route": [
              {
                "cidr_block": "0.0.0.0/0",
                "egress_only_gateway_id": "",
                "gateway_id": "igw-08c371158c1ab93f8",
                "instance_id": "",
                "ipv6_cidr_block": "",
                "nat_gateway_id": "",
                "network_interface_id": "",
                "transit_gateway_id": "",
                "vpc_peering_connection_id": ""
              }
            ],
            "tags": {
              "Environment": "Production"
            },
            "vpc_id": "vpc-0da0955051cafc92d"
          },
          "private": "bnVsbA==",
          "depends_on": [
            "aws_internet_gateway.igw",
            "aws_vpc.vpc"
          ]
        }
      ]
    },
    {
      "mode": "managed",
      "type": "aws_route_table_association",
      "name": "rta_subnet_public",
      "provider": "provider.aws",
      "instances": [
        {
          "schema_version": 0,
          "attributes": {
            "id": "rtbassoc-02829b43206baa38b",
            "route_table_id": "rtb-0bd54347537b8c3b5",
            "subnet_id": "subnet-036e23d7a1d3c2c33"
          },
          "private": "bnVsbA==",
          "depends_on": [
            "aws_route_table.rtb_public",
            "aws_subnet.subnet_public"
          ]
        }
      ]
    },
    {
      "mode": "managed",
      "type": "aws_security_group",
      "name": "sg_22_80",
      "provider": "provider.aws",
      "instances": [
        {
          "schema_version": 1,
          "attributes": {
            "arn": "arn:aws:ec2:us-west-2:675906086666:security-group/sg-08c7a486fecb17c47",
            "description": "Managed by Terraform",
            "egress": [
              {
                "cidr_blocks": [
                  "0.0.0.0/0"
                ],
                "description": "",
                "from_port": 0,
                "ipv6_cidr_blocks": [],
                "prefix_list_ids": [],
                "protocol": "-1",
                "security_groups": [],
                "self": false,
                "to_port": 0
              }
            ],
            "id": "sg-08c7a486fecb17c47",
            "ingress": [
              {
                "cidr_blocks": [
                  "0.0.0.0/0"
                ],
                "description": "",
                "from_port": 22,
                "ipv6_cidr_blocks": [],
                "prefix_list_ids": [],
                "protocol": "tcp",
                "security_groups": [],
                "self": false,
                "to_port": 22
              },
              {
                "cidr_blocks": [
                  "0.0.0.0/0"
                ],
                "description": "",
                "from_port": 80,
                "ipv6_cidr_blocks": [],
                "prefix_list_ids": [],
                "protocol": "tcp",
                "security_groups": [],
                "self": false,
                "to_port": 80
              }
            ],
            "name": "sg_22",
            "name_prefix": null,
            "owner_id": "675906086666",
            "revoke_rules_on_delete": false,
            "tags": {
              "Environment": "Production"
            },
            "timeouts": null,
            "vpc_id": "vpc-0da0955051cafc92d"
          },
          "private": "eyJlMmJmYjczMC1lY2FhLTExZTYtOGY4OC0zNDM2M2JjN2M0YzAiOnsiY3JlYXRlIjo2MDAwMDAwMDAwMDAsImRlbGV0ZSI6NjAwMDAwMDAwMDAwfSwic2NoZW1hX3ZlcnNpb24iOiIxIn0=",
          "depends_on": [
            "aws_vpc.vpc"
          ]
        }
      ]
    },
    {
      "mode": "managed",
      "type": "aws_subnet",
      "name": "subnet_public",
      "provider": "provider.aws",
      "instances": [
        {
          "schema_version": 1,
          "attributes": {
            "arn": "arn:aws:ec2:us-west-2:675906086666:subnet/subnet-036e23d7a1d3c2c33",
            "assign_ipv6_address_on_creation": false,
            "availability_zone": "us-west-2a",
            "availability_zone_id": "usw2-az2",
            "cidr_block": "10.1.0.0/24",
            "id": "subnet-036e23d7a1d3c2c33",
            "ipv6_cidr_block": "",
            "ipv6_cidr_block_association_id": "",
            "map_public_ip_on_launch": true,
            "owner_id": "675906086666",
            "tags": {
              "Environment": "Production"
            },
            "timeouts": null,
            "vpc_id": "vpc-0da0955051cafc92d"
          },
          "private": "eyJlMmJmYjczMC1lY2FhLTExZTYtOGY4OC0zNDM2M2JjN2M0YzAiOnsiY3JlYXRlIjo2MDAwMDAwMDAwMDAsImRlbGV0ZSI6MTIwMDAwMDAwMDAwMH0sInNjaGVtYV92ZXJzaW9uIjoiMSJ9",
          "depends_on": [
            "aws_vpc.vpc"
          ]
        }
      ]
    },
    {
      "mode": "managed",
      "type": "aws_vpc",
      "name": "vpc",
      "provider": "provider.aws",
      "instances": [
        {
          "schema_version": 1,
          "attributes": {
            "arn": "arn:aws:ec2:us-west-2:675906086666:vpc/vpc-0da0955051cafc92d",
            "assign_generated_ipv6_cidr_block": false,
            "cidr_block": "10.1.0.0/16",
            "default_network_acl_id": "acl-0104b0c3dfb87ba5a",
            "default_route_table_id": "rtb-03f46d4a68130d13a",
            "default_security_group_id": "sg-047e66ed062b9db73",
            "dhcp_options_id": "dopt-eb09d993",
            "enable_classiclink": false,
            "enable_classiclink_dns_support": false,
            "enable_dns_hostnames": true,
            "enable_dns_support": true,
            "id": "vpc-0da0955051cafc92d",
            "instance_tenancy": "default",
            "ipv6_association_id": "",
            "ipv6_cidr_block": "",
            "main_route_table_id": "rtb-03f46d4a68130d13a",
            "owner_id": "675906086666",
            "tags": {
              "Environment": "Production"
            }
          },
          "private": "eyJzY2hlbWFfdmVyc2lvbiI6IjEifQ=="
        }
      ]
    }
  ]
}
